
Microsoft Visual Studio Solution File, Format Version 12.00
# Visual Studio Version 16
VisualStudioVersion = 16.0.28729.10
MinimumVisualStudioVersion = 10.0.40219.1
Project("{FAE04EC0-301F-11D3-BF4B-00C04F79EFBC}") = "AtCoderTemplateAtMono.Android", "AtCoderTemplateAtMono\AtCoderTemplateAtMono.Android\AtCoderTemplateAtMono.Android.csproj", "{3766970C-5ED0-4C70-8639-E5709CC68264}"
EndProject
Project("{FAE04EC0-301F-11D3-BF4B-00C04F79EFBC}") = "AtCoderTemplateAtMono", "AtCoderTemplateAtMono\AtCoderTemplateAtMono\AtCoderTemplateAtMono.csproj", "{4EA8ADF7-5CC8-4FC3-AA6B-EA4DB7FA02FF}"
EndProject
Global
	GlobalSection(SolutionConfigurationPlatforms) = preSolution
		Debug|Any CPU = Debug|Any CPU
		Release|Any CPU = Release|Any CPU
	EndGlobalSection
	GlobalSection(ProjectConfigurationPlatforms) = postSolution
		{3766970C-5ED0-4C70-8639-E5709CC68264}.Debug|Any CPU.ActiveCfg = Debug|Any CPU
		{3766970C-5ED0-4C70-8639-E5709CC68264}.Debug|Any CPU.Build.0 = Debug|Any CPU
		{3766970C-5ED0-4C70-8639-E5709CC68264}.Debug|Any CPU.Deploy.0 = Debug|Any CPU
		{3766970C-5ED0-4C70-8639-E5709CC68264}.Release|Any CPU.ActiveCfg = Release|Any CPU
		{3766970C-5ED0-4C70-8639-E5709CC68264}.Release|Any CPU.Build.0 = Release|Any CPU
		{3766970C-5ED0-4C70-8639-E5709CC68264}.Release|Any CPU.Deploy.0 = Release|Any CPU
		{4EA8ADF7-5CC8-4FC3-AA6B-EA4DB7FA02FF}.Debug|Any CPU.ActiveCfg = Debug|Any CPU
		{4EA8ADF7-5CC8-4FC3-AA6B-EA4DB7FA02FF}.Debug|Any CPU.Build.0 = Debug|Any CPU
		{4EA8ADF7-5CC8-4FC3-AA6B-EA4DB7FA02FF}.Debug|Any CPU.Deploy.0 = Debug|Any CPU
		{4EA8ADF7-5CC8-4FC3-AA6B-EA4DB7FA02FF}.Release|Any CPU.ActiveCfg = Release|Any CPU
		{4EA8ADF7-5CC8-4FC3-AA6B-EA4DB7FA02FF}.Release|Any CPU.Build.0 = Release|Any CPU
		{4EA8ADF7-5CC8-4FC3-AA6B-EA4DB7FA02FF}.Release|Any CPU.Deploy.0 = Release|Any CPU
	EndGlobalSection
	GlobalSection(SolutionProperties) = preSolution
		HideSolutionNode = FALSE
	EndGlobalSection
	GlobalSection(ExtensibilityGlobals) = postSolution
		SolutionGuid = {050D58C8-49B1-4253-9966-95AA81107D90}
	EndGlobalSection
EndGlobal
